// !$*UTF8*$!
{
	archiveVersion = 1;
	classes = {
	};
	objectVersion = 55;
	objects = {

/* Begin PBXBuildFile section */
		C753CE102860E5EE0040472B /* AppDelegate.swift in Sources */ = {isa = PBXBuildFile; fileRef = C753CE0F2860E5EE0040472B /* AppDelegate.swift */; };
		C753CE122860E5EE0040472B /* SceneDelegate.swift in Sources */ = {isa = PBXBuildFile; fileRef = C753CE112860E5EE0040472B /* SceneDelegate.swift */; };
		C753CE192860E5EF0040472B /* Assets.xcassets in Resources */ = {isa = PBXBuildFile; fileRef = C753CE182860E5EF0040472B /* Assets.xcassets */; };
		C753CE1C2860E5EF0040472B /* LaunchScreen.storyboard in Resources */ = {isa = PBXBuildFile; fileRef = C753CE1A2860E5EF0040472B /* LaunchScreen.storyboard */; };
		C753CE312860F1800040472B /* HomeViewController.xib in Resources */ = {isa = PBXBuildFile; fileRef = C753CE302860F1800040472B /* HomeViewController.xib */; };
		C753CE332860F19B0040472B /* HomeViewController.swift in Sources */ = {isa = PBXBuildFile; fileRef = C753CE322860F19B0040472B /* HomeViewController.swift */; };
		C7867CC428620CAD00D6B2EA /* RxCocoa in Frameworks */ = {isa = PBXBuildFile; productRef = C7867CC328620CAD00D6B2EA /* RxCocoa */; };
		C7867CC628620CAD00D6B2EA /* RxRelay in Frameworks */ = {isa = PBXBuildFile; productRef = C7867CC528620CAD00D6B2EA /* RxRelay */; };
		C7867CC828620CAD00D6B2EA /* RxSwift in Frameworks */ = {isa = PBXBuildFile; productRef = C7867CC728620CAD00D6B2EA /* RxSwift */; };
/* End PBXBuildFile section */

/* Begin PBXFileReference section */
		C753CE0C2860E5EE0040472B /* clothys.app */ = {isa = PBXFileReference; explicitFileType = wrapper.application; includeInIndex = 0; path = clothys.app; sourceTree = BUILT_PRODUCTS_DIR; };
		C753CE0F2860E5EE0040472B /* AppDelegate.swift */ = {isa = PBXFileReference; lastKnownFileType = sourcecode.swift; path = AppDelegate.swift; sourceTree = "<group>"; };
		C753CE112860E5EE0040472B /* SceneDelegate.swift */ = {isa = PBXFileReference; lastKnownFileType = sourcecode.swift; path = SceneDelegate.swift; sourceTree = "<group>"; };
		C753CE182860E5EF0040472B /* Assets.xcassets */ = {isa = PBXFileReference; lastKnownFileType = folder.assetcatalog; path = Assets.xcassets; sourceTree = "<group>"; };
		C753CE1B2860E5EF0040472B /* Base */ = {isa = PBXFileReference; lastKnownFileType = file.storyboard; name = Base; path = Base.lproj/LaunchScreen.storyboard; sourceTree = "<group>"; };
		C753CE1D2860E5EF0040472B /* Info.plist */ = {isa = PBXFileReference; lastKnownFileType = text.plist.xml; path = Info.plist; sourceTree = "<group>"; };
		C753CE282860E7620040472B /* Roboto-Medium.ttf */ = {isa = PBXFileReference; lastKnownFileType = file; path = "Roboto-Medium.ttf"; sourceTree = "<group>"; };
		C753CE292860E7620040472B /* Roboto-Bold.ttf */ = {isa = PBXFileReference; lastKnownFileType = file; path = "Roboto-Bold.ttf"; sourceTree = "<group>"; };
		C753CE2A2860E7620040472B /* Roboto-Regular.ttf */ = {isa = PBXFileReference; lastKnownFileType = file; path = "Roboto-Regular.ttf"; sourceTree = "<group>"; };
		C753CE302860F1800040472B /* HomeViewController.xib */ = {isa = PBXFileReference; lastKnownFileType = file.xib; path = HomeViewController.xib; sourceTree = "<group>"; };
		C753CE322860F19B0040472B /* HomeViewController.swift */ = {isa = PBXFileReference; lastKnownFileType = sourcecode.swift; path = HomeViewController.swift; sourceTree = "<group>"; };
/* End PBXFileReference section */

/* Begin PBXFrameworksBuildPhase section */
		C753CE092860E5EE0040472B /* Frameworks */ = {
			isa = PBXFrameworksBuildPhase;
			buildActionMask = 2147483647;
			files = (
				C7867CC828620CAD00D6B2EA /* RxSwift in Frameworks */,
				C7867CC628620CAD00D6B2EA /* RxRelay in Frameworks */,
				C7867CC428620CAD00D6B2EA /* RxCocoa in Frameworks */,
			);
			runOnlyForDeploymentPostprocessing = 0;
		};
/* End PBXFrameworksBuildPhase section */

/* Begin PBXGroup section */
		C753CE032860E5EE0040472B = {
			isa = PBXGroup;
			children = (
				C753CE0E2860E5EE0040472B /* clothys */,
				C753CE0D2860E5EE0040472B /* Products */,
			);
			sourceTree = "<group>";
		};
		C753CE0D2860E5EE0040472B /* Products */ = {
			isa = PBXGroup;
			children = (
				C753CE0C2860E5EE0040472B /* clothys.app */,
			);
			name = Products;
			sourceTree = "<group>";
		};
		C753CE0E2860E5EE0040472B /* clothys */ = {
			isa = PBXGroup;
			children = (
				C753CE262860E6DA0040472B /* Resources */,
				C753CE252860E68E0040472B /* Sources */,
				C753CE1D2860E5EF0040472B /* Info.plist */,
			);
			path = clothys;
			sourceTree = "<group>";
		};
		C753CE252860E68E0040472B /* Sources */ = {
			isa = PBXGroup;
			children = (
				C753CE2F2860E9CB0040472B /* Scenes */,
			);
			path = Sources;
			sourceTree = "<group>";
		};
		C753CE262860E6DA0040472B /* Resources */ = {
			isa = PBXGroup;
			children = (
				C753CE272860E71A0040472B /* CustomFonts */,
				C753CE0F2860E5EE0040472B /* AppDelegate.swift */,
				C753CE112860E5EE0040472B /* SceneDelegate.swift */,
				C753CE182860E5EF0040472B /* Assets.xcassets */,
				C753CE1A2860E5EF0040472B /* LaunchScreen.storyboard */,
			);
			path = Resources;
			sourceTree = "<group>";
		};
		C753CE272860E71A0040472B /* CustomFonts */ = {
			isa = PBXGroup;
			children = (
				C753CE292860E7620040472B /* Roboto-Bold.ttf */,
				C753CE282860E7620040472B /* Roboto-Medium.ttf */,
				C753CE2A2860E7620040472B /* Roboto-Regular.ttf */,
			);
			path = CustomFonts;
			sourceTree = "<group>";
		};
		C753CE2B2860E9100040472B /* Home */ = {
			isa = PBXGroup;
			children = (
				C753CE2E2860E93E0040472B /* Model */,
				C753CE2D2860E9360040472B /* ViewModel */,
				C753CE2C2860E9300040472B /* View */,
			);
			path = Home;
			sourceTree = "<group>";
		};
		C753CE2C2860E9300040472B /* View */ = {
			isa = PBXGroup;
			children = (
				C753CE302860F1800040472B /* HomeViewController.xib */,
				C753CE322860F19B0040472B /* HomeViewController.swift */,
			);
			path = View;
			sourceTree = "<group>";
		};
		C753CE2D2860E9360040472B /* ViewModel */ = {
			isa = PBXGroup;
			children = (
			);
			path = ViewModel;
			sourceTree = "<group>";
		};
		C753CE2E2860E93E0040472B /* Model */ = {
			isa = PBXGroup;
			children = (
			);
			path = Model;
			sourceTree = "<group>";
		};
		C753CE2F2860E9CB0040472B /* Scenes */ = {
			isa = PBXGroup;
			children = (
				C753CE2B2860E9100040472B /* Home */,
			);
			path = Scenes;
			sourceTree = "<group>";
		};
/* End PBXGroup section */

/* Begin PBXNativeTarget section */
		C753CE0B2860E5EE0040472B /* clothys */ = {
			isa = PBXNativeTarget;
			buildConfigurationList = C753CE202860E5EF0040472B /* Build configuration list for PBXNativeTarget "clothys" */;
			buildPhases = (
				C753CE082860E5EE0040472B /* Sources */,
				C753CE092860E5EE0040472B /* Frameworks */,
				C753CE0A2860E5EE0040472B /* Resources */,
			);
			buildRules = (
			);
			dependencies = (
			);
			name = clothys;
			packageProductDependencies = (
				C7867CC328620CAD00D6B2EA /* RxCocoa */,
				C7867CC528620CAD00D6B2EA /* RxRelay */,
				C7867CC728620CAD00D6B2EA /* RxSwift */,
			);
			productName = clothys;
			productReference = C753CE0C2860E5EE0040472B /* clothys.app */;
			productType = "com.apple.product-type.application";
		};
/* End PBXNativeTarget section */

/* Begin PBXProject section */
		C753CE042860E5EE0040472B /* Project object */ = {
			isa = PBXProject;
			attributes = {
				BuildIndependentTargetsInParallel = 1;
				LastSwiftUpdateCheck = 1330;
				LastUpgradeCheck = 1330;
				TargetAttributes = {
					C753CE0B2860E5EE0040472B = {
						CreatedOnToolsVersion = 13.3.1;
					};
				};
			};
			buildConfigurationList = C753CE072860E5EE0040472B /* Build configuration list for PBXProject "clothys" */;
			compatibilityVersion = "Xcode 13.0";
			developmentRegion = en;
			hasScannedForEncodings = 0;
			knownRegions = (
				en,
				Base,
			);
			mainGroup = C753CE032860E5EE0040472B;
			packageReferences = (
				C7867CC228620CAD00D6B2EA /* XCRemoteSwiftPackageReference "RxSwift" */,
			);
			productRefGroup = C753CE0D2860E5EE0040472B /* Products */;
			projectDirPath = "";
			projectRoot = "";
			targets = (
				C753CE0B2860E5EE0040472B /* clothys */,
			);
		};
/* End PBXProject section */

/* Begin PBXResourcesBuildPhase section */
		C753CE0A2860E5EE0040472B /* Resources */ = {
			isa = PBXResourcesBuildPhase;
			buildActionMask = 2147483647;
			files = (
				C753CE1C2860E5EF0040472B /* LaunchScreen.storyboard in Resources */,
				C753CE192860E5EF0040472B /* Assets.xcassets in Resources */,
				C753CE312860F1800040472B /* HomeViewController.xib in Resources */,
			);
			runOnlyForDeploymentPostprocessing = 0;
		};
/* End PBXResourcesBuildPhase section */

/* Begin PBXSourcesBuildPhase section */
		C753CE082860E5EE0040472B /* Sources */ = {
			isa = PBXSourcesBuildPhase;
			buildActionMask = 2147483647;
			files = (
				C753CE102860E5EE0040472B /* AppDelegate.swift in Sources */,
				C753CE122860E5EE0040472B /* SceneDelegate.swift in Sources */,
				C753CE332860F19B0040472B /* HomeViewController.swift in Sources */,
			);
			runOnlyForDeploymentPostprocessing = 0;
		};
/* End PBXSourcesBuildPhase section */

/* Begin PBXVariantGroup section */
		C753CE1A2860E5EF0040472B /* LaunchScreen.storyboard */ = {
			isa = PBXVariantGroup;
			children = (
				C753CE1B2860E5EF0040472B /* Base */,
			);
			name = LaunchScreen.storyboard;
			sourceTree = "<group>";
		};
/* End PBXVariantGroup section */

/* Begin XCBuildConfiguration section */
		C753CE1E2860E5EF0040472B /* Debug */ = {
			isa = XCBuildConfiguration;
			buildSettings = {
				ALWAYS_SEARCH_USER_PATHS = NO;
				CLANG_ANALYZER_NONNULL = YES;
				CLANG_ANALYZER_NUMBER_OBJECT_CONVERSION = YES_AGGRESSIVE;
				CLANG_CXX_LANGUAGE_STANDARD = "gnu++17";
				CLANG_ENABLE_MODULES = YES;
				CLANG_ENABLE_OBJC_ARC = YES;
				CLANG_ENABLE_OBJC_WEAK = YES;
				CLANG_WARN_BLOCK_CAPTURE_AUTORELEASING = YES;
				CLANG_WARN_BOOL_CONVERSION = YES;
				CLANG_WARN_COMMA = YES;
				CLANG_WARN_CONSTANT_CONVERSION = YES;
				CLANG_WARN_DEPRECATED_OBJC_IMPLEMENTATIONS = YES;
				CLANG_WARN_DIRECT_OBJC_ISA_USAGE = YES_ERROR;
				CLANG_WARN_DOCUMENTATION_COMMENTS = YES;
				CLANG_WARN_EMPTY_BODY = YES;
				CLANG_WARN_ENUM_CONVERSION = YES;
				CLANG_WARN_INFINITE_RECURSION = YES;
				CLANG_WARN_INT_CONVERSION = YES;
				CLANG_WARN_NON_LITERAL_NULL_CONVERSION = YES;
				CLANG_WARN_OBJC_IMPLICIT_RETAIN_SELF = YES;
				CLANG_WARN_OBJC_LITERAL_CONVERSION = YES;
				CLANG_WARN_OBJC_ROOT_CLASS = YES_ERROR;
				CLANG_WARN_QUOTED_INCLUDE_IN_FRAMEWORK_HEADER = YES;
				CLANG_WARN_RANGE_LOOP_ANALYSIS = YES;
				CLANG_WARN_STRICT_PROTOTYPES = YES;
				CLANG_WARN_SUSPICIOUS_MOVE = YES;
				CLANG_WARN_UNGUARDED_AVAILABILITY = YES_AGGRESSIVE;
				CLANG_WARN_UNREACHABLE_CODE = YES;
				CLANG_WARN__DUPLICATE_METHOD_MATCH = YES;
				COPY_PHASE_STRIP = NO;
				DEBUG_INFORMATION_FORMAT = dwarf;
				ENABLE_STRICT_OBJC_MSGSEND = YES;
				ENABLE_TESTABILITY = YES;
				GCC_C_LANGUAGE_STANDARD = gnu11;
				GCC_DYNAMIC_NO_PIC = NO;
				GCC_NO_COMMON_BLOCKS = YES;
				GCC_OPTIMIZATION_LEVEL = 0;
				GCC_PREPROCESSOR_DEFINITIONS = (
					"DEBUG=1",
					"$(inherited)",
				);
				GCC_WARN_64_TO_32_BIT_CONVERSION = YES;
				GCC_WARN_ABOUT_RETURN_TYPE = YES_ERROR;
				GCC_WARN_UNDECLARED_SELECTOR = YES;
				GCC_WARN_UNINITIALIZED_AUTOS = YES_AGGRESSIVE;
				GCC_WARN_UNUSED_FUNCTION = YES;
				GCC_WARN_UNUSED_VARIABLE = YES;
				IPHONEOS_DEPLOYMENT_TARGET = 15.4;
				MTL_ENABLE_DEBUG_INFO = INCLUDE_SOURCE;
				MTL_FAST_MATH = YES;
				ONLY_ACTIVE_ARCH = YES;
				SDKROOT = iphoneos;
				SWIFT_ACTIVE_COMPILATION_CONDITIONS = DEBUG;
				SWIFT_OPTIMIZATION_LEVEL = "-Onone";
			};
			name = Debug;
		};
		C753CE1F2860E5EF0040472B /* Release */ = {
			isa = XCBuildConfiguration;
			buildSettings = {
				ALWAYS_SEARCH_USER_PATHS = NO;
				CLANG_ANALYZER_NONNULL = YES;
				CLANG_ANALYZER_NUMBER_OBJECT_CONVERSION = YES_AGGRESSIVE;
				CLANG_CXX_LANGUAGE_STANDARD = "gnu++17";
				CLANG_ENABLE_MODULES = YES;
				CLANG_ENABLE_OBJC_ARC = YES;
				CLANG_ENABLE_OBJC_WEAK = YES;
				CLANG_WARN_BLOCK_CAPTURE_AUTORELEASING = YES;
				CLANG_WARN_BOOL_CONVERSION = YES;
				CLANG_WARN_COMMA = YES;
				CLANG_WARN_CONSTANT_CONVERSION = YES;
				CLANG_WARN_DEPRECATED_OBJC_IMPLEMENTATIONS = YES;
				CLANG_WARN_DIRECT_OBJC_ISA_USAGE = YES_ERROR;
				CLANG_WARN_DOCUMENTATION_COMMENTS = YES;
				CLANG_WARN_EMPTY_BODY = YES;
				CLANG_WARN_ENUM_CONVERSION = YES;
				CLANG_WARN_INFINITE_RECURSION = YES;
				CLANG_WARN_INT_CONVERSION = YES;
				CLANG_WARN_NON_LITERAL_NULL_CONVERSION = YES;
				CLANG_WARN_OBJC_IMPLICIT_RETAIN_SELF = YES;
				CLANG_WARN_OBJC_LITERAL_CONVERSION = YES;
				CLANG_WARN_OBJC_ROOT_CLASS = YES_ERROR;
				CLANG_WARN_QUOTED_INCLUDE_IN_FRAMEWORK_HEADER = YES;
				CLANG_WARN_RANGE_LOOP_ANALYSIS = YES;
				CLANG_WARN_STRICT_PROTOTYPES = YES;
				CLANG_WARN_SUSPICIOUS_MOVE = YES;
				CLANG_WARN_UNGUARDED_AVAILABILITY = YES_AGGRESSIVE;
				CLANG_WARN_UNREACHABLE_CODE = YES;
				CLANG_WARN__DUPLICATE_METHOD_MATCH = YES;
				COPY_PHASE_STRIP = NO;
				DEBUG_INFORMATION_FORMAT = "dwarf-with-dsym";
				ENABLE_NS_ASSERTIONS = NO;
				ENABLE_STRICT_OBJC_MSGSEND = YES;
				GCC_C_LANGUAGE_STANDARD = gnu11;
				GCC_NO_COMMON_BLOCKS = YES;
				GCC_WARN_64_TO_32_BIT_CONVERSION = YES;
				GCC_WARN_ABOUT_RETURN_TYPE = YES_ERROR;
				GCC_WARN_UNDECLARED_SELECTOR = YES;
				GCC_WARN_UNINITIALIZED_AUTOS = YES_AGGRESSIVE;
				GCC_WARN_UNUSED_FUNCTION = YES;
				GCC_WARN_UNUSED_VARIABLE = YES;
				IPHONEOS_DEPLOYMENT_TARGET = 15.4;
				MTL_ENABLE_DEBUG_INFO = NO;
				MTL_FAST_MATH = YES;
				SDKROOT = iphoneos;
				SWIFT_COMPILATION_MODE = wholemodule;
				SWIFT_OPTIMIZATION_LEVEL = "-O";
				VALIDATE_PRODUCT = YES;
			};
			name = Release;
		};
		C753CE212860E5EF0040472B /* Debug */ = {
			isa = XCBuildConfiguration;
			buildSettings = {
				ASSETCATALOG_COMPILER_APPICON_NAME = AppIcon;
				ASSETCATALOG_COMPILER_GLOBAL_ACCENT_COLOR_NAME = AccentColor;
				CODE_SIGN_STYLE = Automatic;
				CURRENT_PROJECT_VERSION = 1;
				GENERATE_INFOPLIST_FILE = YES;
				INFOPLIST_FILE = clothys/Info.plist;
				INFOPLIST_KEY_UIApplicationSupportsIndirectInputEvents = YES;
				INFOPLIST_KEY_UILaunchStoryboardName = LaunchScreen;
				INFOPLIST_KEY_UISupportedInterfaceOrientations = UIInterfaceOrientationPortrait;
				INFOPLIST_KEY_UISupportedInterfaceOrientations_iPad = "UIInterfaceOrientationPortrait UIInterfaceOrientationPortraitUpsideDown UIInterfaceOrientationLandscapeLeft UIInterfaceOrientationLandscapeRight";
				INFOPLIST_KEY_UISupportedInterfaceOrientations_iPhone = "UIInterfaceOrientationPortrait UIInterfaceOrientationLandscapeLeft UIInterfaceOrientationLandscapeRight";
				LD_RUNPATH_SEARCH_PATHS = (
					"$(inherited)",
					"@executable_path/Frameworks",
				);
				MARKETING_VERSION = 1.0;
				PRODUCT_BUNDLE_IDENTIFIER = com.gabrielrom.clothys;
				PRODUCT_NAME = "$(TARGET_NAME)";
				SWIFT_EMIT_LOC_STRINGS = YES;
				SWIFT_VERSION = 5.0;
				TARGETED_DEVICE_FAMILY = 1;
			};
			name = Debug;
		};
		C753CE222860E5EF0040472B /* Release */ = {
			isa = XCBuildConfiguration;
			buildSettings = {
				ASSETCATALOG_COMPILER_APPICON_NAME = AppIcon;
				ASSETCATALOG_COMPILER_GLOBAL_ACCENT_COLOR_NAME = AccentColor;
				CODE_SIGN_STYLE = Automatic;
				CURRENT_PROJECT_VERSION = 1;
				GENERATE_INFOPLIST_FILE = YES;
				INFOPLIST_FILE = clothys/Info.plist;
				INFOPLIST_KEY_UIApplicationSupportsIndirectInputEvents = YES;
				INFOPLIST_KEY_UILaunchStoryboardName = LaunchScreen;
				INFOPLIST_KEY_UISupportedInterfaceOrientations = UIInterfaceOrientationPortrait;
				INFOPLIST_KEY_UISupportedInterfaceOrientations_iPad = "UIInterfaceOrientationPortrait UIInterfaceOrientationPortraitUpsideDown UIInterfaceOrientationLandscapeLeft UIInterfaceOrientationLandscapeRight";
				INFOPLIST_KEY_UISupportedInterfaceOrientations_iPhone = "UIInterfaceOrientationPortrait UIInterfaceOrientationLandscapeLeft UIInterfaceOrientationLandscapeRight";
				LD_RUNPATH_SEARCH_PATHS = (
					"$(inherited)",
					"@executable_path/Frameworks",
				);
				MARKETING_VERSION = 1.0;
				PRODUCT_BUNDLE_IDENTIFIER = com.gabrielrom.clothys;
				PRODUCT_NAME = "$(TARGET_NAME)";
				SWIFT_EMIT_LOC_STRINGS = YES;
				SWIFT_VERSION = 5.0;
				TARGETED_DEVICE_FAMILY = 1;
			};
			name = Release;
		};
/* End XCBuildConfiguration section */

/* Begin XCConfigurationList section */
		C753CE072860E5EE0040472B /* Build configuration list for PBXProject "clothys" */ = {
			isa = XCConfigurationList;
			buildConfigurations = (
				C753CE1E2860E5EF0040472B /* Debug */,
				C753CE1F2860E5EF0040472B /* Release */,
			);
			defaultConfigurationIsVisible = 0;
			defaultConfigurationName = Release;
		};
		C753CE202860E5EF0040472B /* Build configuration list for PBXNativeTarget "clothys" */ = {
			isa = XCConfigurationList;
			buildConfigurations = (
				C753CE212860E5EF0040472B /* Debug */,
				C753CE222860E5EF0040472B /* Release */,
			);
			defaultConfigurationIsVisible = 0;
			defaultConfigurationName = Release;
		};
/* End XCConfigurationList section */

/* Begin XCRemoteSwiftPackageReference section */
		C7867CC228620CAD00D6B2EA /* XCRemoteSwiftPackageReference "RxSwift" */ = {
			isa = XCRemoteSwiftPackageReference;
			repositoryURL = "https://github.com/ReactiveX/RxSwift.git";
			requirement = {
				kind = upToNextMajorVersion;
				minimumVersion = 6.0.0;
			};
		};
/* End XCRemoteSwiftPackageReference section */

/* Begin XCSwiftPackageProductDependency section */
		C7867CC328620CAD00D6B2EA /* RxCocoa */ = {
			isa = XCSwiftPackageProductDependency;
			package = C7867CC228620CAD00D6B2EA /* XCRemoteSwiftPackageReference "RxSwift" */;
			productName = RxCocoa;
		};
		C7867CC528620CAD00D6B2EA /* RxRelay */ = {
			isa = XCSwiftPackageProductDependency;
			package = C7867CC228620CAD00D6B2EA /* XCRemoteSwiftPackageReference "RxSwift" */;
			productName = RxRelay;
		};
		C7867CC728620CAD00D6B2EA /* RxSwift */ = {
			isa = XCSwiftPackageProductDependency;
			package = C7867CC228620CAD00D6B2EA /* XCRemoteSwiftPackageReference "RxSwift" */;
			productName = RxSwift;
		};
/* End XCSwiftPackageProductDependency section */
	};
	rootObject = C753CE042860E5EE0040472B /* Project object */;
}
